
Microsoft Visual Studio Solution File, Format Version 12.00
# Visual Studio Version 17
VisualStudioVersion = 17.7.34031.279
MinimumVisualStudioVersion = 10.0.40219.1
Project("{FAE04EC0-301F-11D3-BF4B-00C04F79EFBC}") = "Soma_Impares", "Soma_Impares\Soma_Impares.csproj", "{5C542E99-A611-4D5A-A850-888B14CF290A}"
EndProject
Global
	GlobalSection(SolutionConfigurationPlatforms) = preSolution
		Debug|Any CPU = Debug|Any CPU
		Release|Any CPU = Release|Any CPU
	EndGlobalSection
	GlobalSection(ProjectConfigurationPlatforms) = postSolution
		{5C542E99-A611-4D5A-A850-888B14CF290A}.Debug|Any CPU.ActiveCfg = Debug|Any CPU
		{5C542E99-A611-4D5A-A850-888B14CF290A}.Debug|Any CPU.Build.0 = Debug|Any CPU
		{5C542E99-A611-4D5A-A850-888B14CF290A}.Release|Any CPU.ActiveCfg = Release|Any CPU
		{5C542E99-A611-4D5A-A850-888B14CF290A}.Release|Any CPU.Build.0 = Release|Any CPU
	EndGlobalSection
	GlobalSection(SolutionProperties) = preSolution
		HideSolutionNode = FALSE
	EndGlobalSection
	GlobalSection(ExtensibilityGlobals) = postSolution
		SolutionGuid = {6368ABFD-5266-4786-963A-C806CEC142E9}
	EndGlobalSection
EndGlobal
