
Microsoft Visual Studio Solution File, Format Version 12.00
# Visual Studio Version 17
VisualStudioVersion = 17.7.34031.279
MinimumVisualStudioVersion = 10.0.40219.1
Project("{FAE04EC0-301F-11D3-BF4B-00C04F79EFBC}") = "Segundo", "Segundo\Segundo.csproj", "{41554039-4714-45F9-8923-C28AE8AB050A}"
EndProject
Global
	GlobalSection(SolutionConfigurationPlatforms) = preSolution
		Debug|Any CPU = Debug|Any CPU
		Release|Any CPU = Release|Any CPU
	EndGlobalSection
	GlobalSection(ProjectConfigurationPlatforms) = postSolution
		{41554039-4714-45F9-8923-C28AE8AB050A}.Debug|Any CPU.ActiveCfg = Debug|Any CPU
		{41554039-4714-45F9-8923-C28AE8AB050A}.Debug|Any CPU.Build.0 = Debug|Any CPU
		{41554039-4714-45F9-8923-C28AE8AB050A}.Release|Any CPU.ActiveCfg = Release|Any CPU
		{41554039-4714-45F9-8923-C28AE8AB050A}.Release|Any CPU.Build.0 = Release|Any CPU
	EndGlobalSection
	GlobalSection(SolutionProperties) = preSolution
		HideSolutionNode = FALSE
	EndGlobalSection
	GlobalSection(ExtensibilityGlobals) = postSolution
		SolutionGuid = {B2981E5D-545A-4B6F-A8BD-20AE4FFD43D6}
	EndGlobalSection
EndGlobal
