
Microsoft Visual Studio Solution File, Format Version 12.00
# Visual Studio Version 17
VisualStudioVersion = 17.7.34031.279
MinimumVisualStudioVersion = 10.0.40219.1
Project("{FAE04EC0-301F-11D3-BF4B-00C04F79EFBC}") = "Diagonal_Negativos", "Diagonal_Negativos\Diagonal_Negativos.csproj", "{433CE281-4290-4625-80B0-C893FD03DE13}"
EndProject
Global
	GlobalSection(SolutionConfigurationPlatforms) = preSolution
		Debug|Any CPU = Debug|Any CPU
		Release|Any CPU = Release|Any CPU
	EndGlobalSection
	GlobalSection(ProjectConfigurationPlatforms) = postSolution
		{433CE281-4290-4625-80B0-C893FD03DE13}.Debug|Any CPU.ActiveCfg = Debug|Any CPU
		{433CE281-4290-4625-80B0-C893FD03DE13}.Debug|Any CPU.Build.0 = Debug|Any CPU
		{433CE281-4290-4625-80B0-C893FD03DE13}.Release|Any CPU.ActiveCfg = Release|Any CPU
		{433CE281-4290-4625-80B0-C893FD03DE13}.Release|Any CPU.Build.0 = Release|Any CPU
	EndGlobalSection
	GlobalSection(SolutionProperties) = preSolution
		HideSolutionNode = FALSE
	EndGlobalSection
	GlobalSection(ExtensibilityGlobals) = postSolution
		SolutionGuid = {37980A95-5174-4475-A305-5DFF3788357B}
	EndGlobalSection
EndGlobal
